
Microsoft Visual Studio Solution File, Format Version 12.00
# Visual Studio Version 16
VisualStudioVersion = 16.0.30413.136
MinimumVisualStudioVersion = 10.0.40219.1
Project("{9A19103F-16F7-4668-BE54-9A1E7A4F7556}") = "Sodexo_KKH", "Sodexo_KKH\Sodexo_KKH\Sodexo_KKH.csproj", "{5E40C0ED-0919-4ECE-AF7B-4BF5D3616E21}"
EndProject
Project("{FAE04EC0-301F-11D3-BF4B-00C04F79EFBC}") = "Sodexo_KKH.Android", "Sodexo_KKH\Sodexo_KKH.Android\Sodexo_KKH.Android.csproj", "{9F6F58B1-3CDF-4113-8C1D-4B385304F622}"
EndProject
Project("{FAE04EC0-301F-11D3-BF4B-00C04F79EFBC}") = "Sodexo_KKH.iOS", "Sodexo_KKH\Sodexo_KKH.iOS\Sodexo_KKH.iOS.csproj", "{1A92F3B6-0665-4306-8D93-FD7C17A7C55F}"
EndProject
Project("{FAE04EC0-301F-11D3-BF4B-00C04F79EFBC}") = "Sodexo_KKH.UWP", "Sodexo_KKH\Sodexo_KKH.UWP\Sodexo_KKH.UWP.csproj", "{65BEEA84-9D4D-4D4D-9EFE-EFBFA1027623}"
EndProject
Global
	GlobalSection(SolutionConfigurationPlatforms) = preSolution
		Ad-Hoc|Any CPU = Ad-Hoc|Any CPU
		Ad-Hoc|ARM = Ad-Hoc|ARM
		Ad-Hoc|iPhone = Ad-Hoc|iPhone
		Ad-Hoc|iPhoneSimulator = Ad-Hoc|iPhoneSimulator
		Ad-Hoc|x64 = Ad-Hoc|x64
		Ad-Hoc|x86 = Ad-Hoc|x86
		AppStore|Any CPU = AppStore|Any CPU
		AppStore|ARM = AppStore|ARM
		AppStore|iPhone = AppStore|iPhone
		AppStore|iPhoneSimulator = AppStore|iPhoneSimulator
		AppStore|x64 = AppStore|x64
		AppStore|x86 = AppStore|x86
		Debug|Any CPU = Debug|Any CPU
		Debug|ARM = Debug|ARM
		Debug|iPhone = Debug|iPhone
		Debug|iPhoneSimulator = Debug|iPhoneSimulator
		Debug|x64 = Debug|x64
		Debug|x86 = Debug|x86
		Release|Any CPU = Release|Any CPU
		Release|ARM = Release|ARM
		Release|iPhone = Release|iPhone
		Release|iPhoneSimulator = Release|iPhoneSimulator
		Release|x64 = Release|x64
		Release|x86 = Release|x86
	EndGlobalSection
	GlobalSection(ProjectConfigurationPlatforms) = postSolution
		{5E40C0ED-0919-4ECE-AF7B-4BF5D3616E21}.Ad-Hoc|Any CPU.ActiveCfg = Debug|Any CPU
		{5E40C0ED-0919-4ECE-AF7B-4BF5D3616E21}.Ad-Hoc|Any CPU.Build.0 = Debug|Any CPU
		{5E40C0ED-0919-4ECE-AF7B-4BF5D3616E21}.Ad-Hoc|ARM.ActiveCfg = Debug|Any CPU
		{5E40C0ED-0919-4ECE-AF7B-4BF5D3616E21}.Ad-Hoc|ARM.Build.0 = Debug|Any CPU
		{5E40C0ED-0919-4ECE-AF7B-4BF5D3616E21}.Ad-Hoc|iPhone.ActiveCfg = Debug|Any CPU
		{5E40C0ED-0919-4ECE-AF7B-4BF5D3616E21}.Ad-Hoc|iPhone.Build.0 = Debug|Any CPU
		{5E40C0ED-0919-4ECE-AF7B-4BF5D3616E21}.Ad-Hoc|iPhoneSimulator.ActiveCfg = Debug|Any CPU
		{5E40C0ED-0919-4ECE-AF7B-4BF5D3616E21}.Ad-Hoc|iPhoneSimulator.Build.0 = Debug|Any CPU
		{5E40C0ED-0919-4ECE-AF7B-4BF5D3616E21}.Ad-Hoc|x64.ActiveCfg = Debug|Any CPU
		{5E40C0ED-0919-4ECE-AF7B-4BF5D3616E21}.Ad-Hoc|x64.Build.0 = Debug|Any CPU
		{5E40C0ED-0919-4ECE-AF7B-4BF5D3616E21}.Ad-Hoc|x86.ActiveCfg = Debug|Any CPU
		{5E40C0ED-0919-4ECE-AF7B-4BF5D3616E21}.Ad-Hoc|x86.Build.0 = Debug|Any CPU
		{5E40C0ED-0919-4ECE-AF7B-4BF5D3616E21}.AppStore|Any CPU.ActiveCfg = Debug|Any CPU
		{5E40C0ED-0919-4ECE-AF7B-4BF5D3616E21}.AppStore|Any CPU.Build.0 = Debug|Any CPU
		{5E40C0ED-0919-4ECE-AF7B-4BF5D3616E21}.AppStore|ARM.ActiveCfg = Debug|Any CPU
		{5E40C0ED-0919-4ECE-AF7B-4BF5D3616E21}.AppStore|ARM.Build.0 = Debug|Any CPU
		{5E40C0ED-0919-4ECE-AF7B-4BF5D3616E21}.AppStore|iPhone.ActiveCfg = Debug|Any CPU
		{5E40C0ED-0919-4ECE-AF7B-4BF5D3616E21}.AppStore|iPhone.Build.0 = Debug|Any CPU
		{5E40C0ED-0919-4ECE-AF7B-4BF5D3616E21}.AppStore|iPhoneSimulator.ActiveCfg = Debug|Any CPU
		{5E40C0ED-0919-4ECE-AF7B-4BF5D3616E21}.AppStore|iPhoneSimulator.Build.0 = Debug|Any CPU
		{5E40C0ED-0919-4ECE-AF7B-4BF5D3616E21}.AppStore|x64.ActiveCfg = Debug|Any CPU
		{5E40C0ED-0919-4ECE-AF7B-4BF5D3616E21}.AppStore|x64.Build.0 = Debug|Any CPU
		{5E40C0ED-0919-4ECE-AF7B-4BF5D3616E21}.AppStore|x86.ActiveCfg = Debug|Any CPU
		{5E40C0ED-0919-4ECE-AF7B-4BF5D3616E21}.AppStore|x86.Build.0 = Debug|Any CPU
		{5E40C0ED-0919-4ECE-AF7B-4BF5D3616E21}.Debug|Any CPU.ActiveCfg = Debug|Any CPU
		{5E40C0ED-0919-4ECE-AF7B-4BF5D3616E21}.Debug|Any CPU.Build.0 = Debug|Any CPU
		{5E40C0ED-0919-4ECE-AF7B-4BF5D3616E21}.Debug|ARM.ActiveCfg = Debug|Any CPU
		{5E40C0ED-0919-4ECE-AF7B-4BF5D3616E21}.Debug|ARM.Build.0 = Debug|Any CPU
		{5E40C0ED-0919-4ECE-AF7B-4BF5D3616E21}.Debug|iPhone.ActiveCfg = Debug|Any CPU
		{5E40C0ED-0919-4ECE-AF7B-4BF5D3616E21}.Debug|iPhone.Build.0 = Debug|Any CPU
		{5E40C0ED-0919-4ECE-AF7B-4BF5D3616E21}.Debug|iPhoneSimulator.ActiveCfg = Debug|Any CPU
		{5E40C0ED-0919-4ECE-AF7B-4BF5D3616E21}.Debug|iPhoneSimulator.Build.0 = Debug|Any CPU
		{5E40C0ED-0919-4ECE-AF7B-4BF5D3616E21}.Debug|x64.ActiveCfg = Debug|Any CPU
		{5E40C0ED-0919-4ECE-AF7B-4BF5D3616E21}.Debug|x64.Build.0 = Debug|Any CPU
		{5E40C0ED-0919-4ECE-AF7B-4BF5D3616E21}.Debug|x86.ActiveCfg = Debug|Any CPU
		{5E40C0ED-0919-4ECE-AF7B-4BF5D3616E21}.Debug|x86.Build.0 = Debug|Any CPU
		{5E40C0ED-0919-4ECE-AF7B-4BF5D3616E21}.Release|Any CPU.ActiveCfg = Release|Any CPU
		{5E40C0ED-0919-4ECE-AF7B-4BF5D3616E21}.Release|Any CPU.Build.0 = Release|Any CPU
		{5E40C0ED-0919-4ECE-AF7B-4BF5D3616E21}.Release|ARM.ActiveCfg = Release|Any CPU
		{5E40C0ED-0919-4ECE-AF7B-4BF5D3616E21}.Release|ARM.Build.0 = Release|Any CPU
		{5E40C0ED-0919-4ECE-AF7B-4BF5D3616E21}.Release|iPhone.ActiveCfg = Release|Any CPU
		{5E40C0ED-0919-4ECE-AF7B-4BF5D3616E21}.Release|iPhone.Build.0 = Release|Any CPU
		{5E40C0ED-0919-4ECE-AF7B-4BF5D3616E21}.Release|iPhoneSimulator.ActiveCfg = Release|Any CPU
		{5E40C0ED-0919-4ECE-AF7B-4BF5D3616E21}.Release|iPhoneSimulator.Build.0 = Release|Any CPU
		{5E40C0ED-0919-4ECE-AF7B-4BF5D3616E21}.Release|x64.ActiveCfg = Release|Any CPU
		{5E40C0ED-0919-4ECE-AF7B-4BF5D3616E21}.Release|x64.Build.0 = Release|Any CPU
		{5E40C0ED-0919-4ECE-AF7B-4BF5D3616E21}.Release|x86.ActiveCfg = Release|Any CPU
		{5E40C0ED-0919-4ECE-AF7B-4BF5D3616E21}.Release|x86.Build.0 = Release|Any CPU
		{9F6F58B1-3CDF-4113-8C1D-4B385304F622}.Ad-Hoc|Any CPU.ActiveCfg = Release|Any CPU
		{9F6F58B1-3CDF-4113-8C1D-4B385304F622}.Ad-Hoc|Any CPU.Build.0 = Release|Any CPU
		{9F6F58B1-3CDF-4113-8C1D-4B385304F622}.Ad-Hoc|Any CPU.Deploy.0 = Release|Any CPU
		{9F6F58B1-3CDF-4113-8C1D-4B385304F622}.Ad-Hoc|ARM.ActiveCfg = Release|Any CPU
		{9F6F58B1-3CDF-4113-8C1D-4B385304F622}.Ad-Hoc|ARM.Build.0 = Release|Any CPU
		{9F6F58B1-3CDF-4113-8C1D-4B385304F622}.Ad-Hoc|ARM.Deploy.0 = Release|Any CPU
		{9F6F58B1-3CDF-4113-8C1D-4B385304F622}.Ad-Hoc|iPhone.ActiveCfg = Release|Any CPU
		{9F6F58B1-3CDF-4113-8C1D-4B385304F622}.Ad-Hoc|iPhone.Build.0 = Release|Any CPU
		{9F6F58B1-3CDF-4113-8C1D-4B385304F622}.Ad-Hoc|iPhone.Deploy.0 = Release|Any CPU
		{9F6F58B1-3CDF-4113-8C1D-4B385304F622}.Ad-Hoc|iPhoneSimulator.ActiveCfg = Release|Any CPU
		{9F6F58B1-3CDF-4113-8C1D-4B385304F622}.Ad-Hoc|iPhoneSimulator.Build.0 = Release|Any CPU
		{9F6F58B1-3CDF-4113-8C1D-4B385304F622}.Ad-Hoc|iPhoneSimulator.Deploy.0 = Release|Any CPU
		{9F6F58B1-3CDF-4113-8C1D-4B385304F622}.Ad-Hoc|x64.ActiveCfg = Release|Any CPU
		{9F6F58B1-3CDF-4113-8C1D-4B385304F622}.Ad-Hoc|x64.Build.0 = Release|Any CPU
		{9F6F58B1-3CDF-4113-8C1D-4B385304F622}.Ad-Hoc|x64.Deploy.0 = Release|Any CPU
		{9F6F58B1-3CDF-4113-8C1D-4B385304F622}.Ad-Hoc|x86.ActiveCfg = Release|Any CPU
		{9F6F58B1-3CDF-4113-8C1D-4B385304F622}.Ad-Hoc|x86.Build.0 = Release|Any CPU
		{9F6F58B1-3CDF-4113-8C1D-4B385304F622}.Ad-Hoc|x86.Deploy.0 = Release|Any CPU
		{9F6F58B1-3CDF-4113-8C1D-4B385304F622}.AppStore|Any CPU.ActiveCfg = Release|Any CPU
		{9F6F58B1-3CDF-4113-8C1D-4B385304F622}.AppStore|Any CPU.Build.0 = Release|Any CPU
		{9F6F58B1-3CDF-4113-8C1D-4B385304F622}.AppStore|Any CPU.Deploy.0 = Release|Any CPU
		{9F6F58B1-3CDF-4113-8C1D-4B385304F622}.AppStore|ARM.ActiveCfg = Release|Any CPU
		{9F6F58B1-3CDF-4113-8C1D-4B385304F622}.AppStore|ARM.Build.0 = Release|Any CPU
		{9F6F58B1-3CDF-4113-8C1D-4B385304F622}.AppStore|ARM.Deploy.0 = Release|Any CPU
		{9F6F58B1-3CDF-4113-8C1D-4B385304F622}.AppStore|iPhone.ActiveCfg = Release|Any CPU
		{9F6F58B1-3CDF-4113-8C1D-4B385304F622}.AppStore|iPhone.Build.0 = Release|Any CPU
		{9F6F58B1-3CDF-4113-8C1D-4B385304F622}.AppStore|iPhone.Deploy.0 = Release|Any CPU
		{9F6F58B1-3CDF-4113-8C1D-4B385304F622}.AppStore|iPhoneSimulator.ActiveCfg = Release|Any CPU
		{9F6F58B1-3CDF-4113-8C1D-4B385304F622}.AppStore|iPhoneSimulator.Build.0 = Release|Any CPU
		{9F6F58B1-3CDF-4113-8C1D-4B385304F622}.AppStore|iPhoneSimulator.Deploy.0 = Release|Any CPU
		{9F6F58B1-3CDF-4113-8C1D-4B385304F622}.AppStore|x64.ActiveCfg = Release|Any CPU
		{9F6F58B1-3CDF-4113-8C1D-4B385304F622}.AppStore|x64.Build.0 = Release|Any CPU
		{9F6F58B1-3CDF-4113-8C1D-4B385304F622}.AppStore|x64.Deploy.0 = Release|Any CPU
		{9F6F58B1-3CDF-4113-8C1D-4B385304F622}.AppStore|x86.ActiveCfg = Release|Any CPU
		{9F6F58B1-3CDF-4113-8C1D-4B385304F622}.AppStore|x86.Build.0 = Release|Any CPU
		{9F6F58B1-3CDF-4113-8C1D-4B385304F622}.AppStore|x86.Deploy.0 = Release|Any CPU
		{9F6F58B1-3CDF-4113-8C1D-4B385304F622}.Debug|Any CPU.ActiveCfg = Debug|Any CPU
		{9F6F58B1-3CDF-4113-8C1D-4B385304F622}.Debug|Any CPU.Build.0 = Debug|Any CPU
		{9F6F58B1-3CDF-4113-8C1D-4B385304F622}.Debug|Any CPU.Deploy.0 = Debug|Any CPU
		{9F6F58B1-3CDF-4113-8C1D-4B385304F622}.Debug|ARM.ActiveCfg = Debug|Any CPU
		{9F6F58B1-3CDF-4113-8C1D-4B385304F622}.Debug|ARM.Build.0 = Debug|Any CPU
		{9F6F58B1-3CDF-4113-8C1D-4B385304F622}.Debug|ARM.Deploy.0 = Debug|Any CPU
		{9F6F58B1-3CDF-4113-8C1D-4B385304F622}.Debug|iPhone.ActiveCfg = Debug|Any CPU
		{9F6F58B1-3CDF-4113-8C1D-4B385304F622}.Debug|iPhone.Build.0 = Debug|Any CPU
		{9F6F58B1-3CDF-4113-8C1D-4B385304F622}.Debug|iPhone.Deploy.0 = Debug|Any CPU
		{9F6F58B1-3CDF-4113-8C1D-4B385304F622}.Debug|iPhoneSimulator.ActiveCfg = Debug|Any CPU
		{9F6F58B1-3CDF-4113-8C1D-4B385304F622}.Debug|iPhoneSimulator.Build.0 = Debug|Any CPU
		{9F6F58B1-3CDF-4113-8C1D-4B385304F622}.Debug|iPhoneSimulator.Deploy.0 = Debug|Any CPU
		{9F6F58B1-3CDF-4113-8C1D-4B385304F622}.Debug|x64.ActiveCfg = Debug|Any CPU
		{9F6F58B1-3CDF-4113-8C1D-4B385304F622}.Debug|x64.Build.0 = Debug|Any CPU
		{9F6F58B1-3CDF-4113-8C1D-4B385304F622}.Debug|x64.Deploy.0 = Debug|Any CPU
		{9F6F58B1-3CDF-4113-8C1D-4B385304F622}.Debug|x86.ActiveCfg = Debug|Any CPU
		{9F6F58B1-3CDF-4113-8C1D-4B385304F622}.Debug|x86.Build.0 = Debug|Any CPU
		{9F6F58B1-3CDF-4113-8C1D-4B385304F622}.Debug|x86.Deploy.0 = Debug|Any CPU
		{9F6F58B1-3CDF-4113-8C1D-4B385304F622}.Release|Any CPU.ActiveCfg = Release|Any CPU
		{9F6F58B1-3CDF-4113-8C1D-4B385304F622}.Release|Any CPU.Build.0 = Release|Any CPU
		{9F6F58B1-3CDF-4113-8C1D-4B385304F622}.Release|Any CPU.Deploy.0 = Release|Any CPU
		{9F6F58B1-3CDF-4113-8C1D-4B385304F622}.Release|ARM.ActiveCfg = Release|Any CPU
		{9F6F58B1-3CDF-4113-8C1D-4B385304F622}.Release|ARM.Build.0 = Release|Any CPU
		{9F6F58B1-3CDF-4113-8C1D-4B385304F622}.Release|ARM.Deploy.0 = Release|Any CPU
		{9F6F58B1-3CDF-4113-8C1D-4B385304F622}.Release|iPhone.ActiveCfg = Release|Any CPU
		{9F6F58B1-3CDF-4113-8C1D-4B385304F622}.Release|iPhone.Build.0 = Release|Any CPU
		{9F6F58B1-3CDF-4113-8C1D-4B385304F622}.Release|iPhone.Deploy.0 = Release|Any CPU
		{9F6F58B1-3CDF-4113-8C1D-4B385304F622}.Release|iPhoneSimulator.ActiveCfg = Release|Any CPU
		{9F6F58B1-3CDF-4113-8C1D-4B385304F622}.Release|iPhoneSimulator.Build.0 = Release|Any CPU
		{9F6F58B1-3CDF-4113-8C1D-4B385304F622}.Release|iPhoneSimulator.Deploy.0 = Release|Any CPU
		{9F6F58B1-3CDF-4113-8C1D-4B385304F622}.Release|x64.ActiveCfg = Release|Any CPU
		{9F6F58B1-3CDF-4113-8C1D-4B385304F622}.Release|x64.Build.0 = Release|Any CPU
		{9F6F58B1-3CDF-4113-8C1D-4B385304F622}.Release|x64.Deploy.0 = Release|Any CPU
		{9F6F58B1-3CDF-4113-8C1D-4B385304F622}.Release|x86.ActiveCfg = Release|Any CPU
		{9F6F58B1-3CDF-4113-8C1D-4B385304F622}.Release|x86.Build.0 = Release|Any CPU
		{9F6F58B1-3CDF-4113-8C1D-4B385304F622}.Release|x86.Deploy.0 = Release|Any CPU
		{1A92F3B6-0665-4306-8D93-FD7C17A7C55F}.Ad-Hoc|Any CPU.ActiveCfg = Ad-Hoc|iPhone
		{1A92F3B6-0665-4306-8D93-FD7C17A7C55F}.Ad-Hoc|ARM.ActiveCfg = Ad-Hoc|iPhone
		{1A92F3B6-0665-4306-8D93-FD7C17A7C55F}.Ad-Hoc|iPhone.ActiveCfg = Ad-Hoc|iPhone
		{1A92F3B6-0665-4306-8D93-FD7C17A7C55F}.Ad-Hoc|iPhone.Build.0 = Ad-Hoc|iPhone
		{1A92F3B6-0665-4306-8D93-FD7C17A7C55F}.Ad-Hoc|iPhoneSimulator.ActiveCfg = Ad-Hoc|iPhoneSimulator
		{1A92F3B6-0665-4306-8D93-FD7C17A7C55F}.Ad-Hoc|iPhoneSimulator.Build.0 = Ad-Hoc|iPhoneSimulator
		{1A92F3B6-0665-4306-8D93-FD7C17A7C55F}.Ad-Hoc|x64.ActiveCfg = Ad-Hoc|iPhone
		{1A92F3B6-0665-4306-8D93-FD7C17A7C55F}.Ad-Hoc|x86.ActiveCfg = Ad-Hoc|iPhone
		{1A92F3B6-0665-4306-8D93-FD7C17A7C55F}.AppStore|Any CPU.ActiveCfg = AppStore|iPhone
		{1A92F3B6-0665-4306-8D93-FD7C17A7C55F}.AppStore|ARM.ActiveCfg = AppStore|iPhone
		{1A92F3B6-0665-4306-8D93-FD7C17A7C55F}.AppStore|iPhone.ActiveCfg = AppStore|iPhone
		{1A92F3B6-0665-4306-8D93-FD7C17A7C55F}.AppStore|iPhone.Build.0 = AppStore|iPhone
		{1A92F3B6-0665-4306-8D93-FD7C17A7C55F}.AppStore|iPhoneSimulator.ActiveCfg = AppStore|iPhoneSimulator
		{1A92F3B6-0665-4306-8D93-FD7C17A7C55F}.AppStore|iPhoneSimulator.Build.0 = AppStore|iPhoneSimulator
		{1A92F3B6-0665-4306-8D93-FD7C17A7C55F}.AppStore|x64.ActiveCfg = AppStore|iPhone
		{1A92F3B6-0665-4306-8D93-FD7C17A7C55F}.AppStore|x86.ActiveCfg = AppStore|iPhone
		{1A92F3B6-0665-4306-8D93-FD7C17A7C55F}.Debug|Any CPU.ActiveCfg = Debug|iPhone
		{1A92F3B6-0665-4306-8D93-FD7C17A7C55F}.Debug|Any CPU.Build.0 = Debug|iPhone
		{1A92F3B6-0665-4306-8D93-FD7C17A7C55F}.Debug|ARM.ActiveCfg = Debug|iPhone
		{1A92F3B6-0665-4306-8D93-FD7C17A7C55F}.Debug|iPhone.ActiveCfg = Debug|iPhone
		{1A92F3B6-0665-4306-8D93-FD7C17A7C55F}.Debug|iPhone.Build.0 = Debug|iPhone
		{1A92F3B6-0665-4306-8D93-FD7C17A7C55F}.Debug|iPhoneSimulator.ActiveCfg = Debug|iPhoneSimulator
		{1A92F3B6-0665-4306-8D93-FD7C17A7C55F}.Debug|iPhoneSimulator.Build.0 = Debug|iPhoneSimulator
		{1A92F3B6-0665-4306-8D93-FD7C17A7C55F}.Debug|x64.ActiveCfg = Debug|iPhone
		{1A92F3B6-0665-4306-8D93-FD7C17A7C55F}.Debug|x86.ActiveCfg = Debug|iPhone
		{1A92F3B6-0665-4306-8D93-FD7C17A7C55F}.Debug|x86.Build.0 = Debug|iPhone
		{1A92F3B6-0665-4306-8D93-FD7C17A7C55F}.Release|Any CPU.ActiveCfg = Release|iPhone
		{1A92F3B6-0665-4306-8D93-FD7C17A7C55F}.Release|ARM.ActiveCfg = Release|iPhone
		{1A92F3B6-0665-4306-8D93-FD7C17A7C55F}.Release|iPhone.ActiveCfg = Release|iPhone
		{1A92F3B6-0665-4306-8D93-FD7C17A7C55F}.Release|iPhone.Build.0 = Release|iPhone
		{1A92F3B6-0665-4306-8D93-FD7C17A7C55F}.Release|iPhoneSimulator.ActiveCfg = Release|iPhoneSimulator
		{1A92F3B6-0665-4306-8D93-FD7C17A7C55F}.Release|iPhoneSimulator.Build.0 = Release|iPhoneSimulator
		{1A92F3B6-0665-4306-8D93-FD7C17A7C55F}.Release|x64.ActiveCfg = Release|iPhone
		{1A92F3B6-0665-4306-8D93-FD7C17A7C55F}.Release|x86.ActiveCfg = Release|iPhone
		{65BEEA84-9D4D-4D4D-9EFE-EFBFA1027623}.Ad-Hoc|Any CPU.ActiveCfg = Release|x86
		{65BEEA84-9D4D-4D4D-9EFE-EFBFA1027623}.Ad-Hoc|Any CPU.Build.0 = Release|x86
		{65BEEA84-9D4D-4D4D-9EFE-EFBFA1027623}.Ad-Hoc|Any CPU.Deploy.0 = Release|x86
		{65BEEA84-9D4D-4D4D-9EFE-EFBFA1027623}.Ad-Hoc|ARM.ActiveCfg = Release|ARM
		{65BEEA84-9D4D-4D4D-9EFE-EFBFA1027623}.Ad-Hoc|ARM.Build.0 = Release|ARM
		{65BEEA84-9D4D-4D4D-9EFE-EFBFA1027623}.Ad-Hoc|ARM.Deploy.0 = Release|ARM
		{65BEEA84-9D4D-4D4D-9EFE-EFBFA1027623}.Ad-Hoc|iPhone.ActiveCfg = Release|x86
		{65BEEA84-9D4D-4D4D-9EFE-EFBFA1027623}.Ad-Hoc|iPhone.Build.0 = Release|x86
		{65BEEA84-9D4D-4D4D-9EFE-EFBFA1027623}.Ad-Hoc|iPhone.Deploy.0 = Release|x86
		{65BEEA84-9D4D-4D4D-9EFE-EFBFA1027623}.Ad-Hoc|iPhoneSimulator.ActiveCfg = Release|x86
		{65BEEA84-9D4D-4D4D-9EFE-EFBFA1027623}.Ad-Hoc|iPhoneSimulator.Build.0 = Release|x86
		{65BEEA84-9D4D-4D4D-9EFE-EFBFA1027623}.Ad-Hoc|iPhoneSimulator.Deploy.0 = Release|x86
		{65BEEA84-9D4D-4D4D-9EFE-EFBFA1027623}.Ad-Hoc|x64.ActiveCfg = Release|x64
		{65BEEA84-9D4D-4D4D-9EFE-EFBFA1027623}.Ad-Hoc|x64.Build.0 = Release|x64
		{65BEEA84-9D4D-4D4D-9EFE-EFBFA1027623}.Ad-Hoc|x64.Deploy.0 = Release|x64
		{65BEEA84-9D4D-4D4D-9EFE-EFBFA1027623}.Ad-Hoc|x86.ActiveCfg = Release|x86
		{65BEEA84-9D4D-4D4D-9EFE-EFBFA1027623}.Ad-Hoc|x86.Build.0 = Release|x86
		{65BEEA84-9D4D-4D4D-9EFE-EFBFA1027623}.Ad-Hoc|x86.Deploy.0 = Release|x86
		{65BEEA84-9D4D-4D4D-9EFE-EFBFA1027623}.AppStore|Any CPU.ActiveCfg = Release|x86
		{65BEEA84-9D4D-4D4D-9EFE-EFBFA1027623}.AppStore|Any CPU.Build.0 = Release|x86
		{65BEEA84-9D4D-4D4D-9EFE-EFBFA1027623}.AppStore|Any CPU.Deploy.0 = Release|x86
		{65BEEA84-9D4D-4D4D-9EFE-EFBFA1027623}.AppStore|ARM.ActiveCfg = Release|ARM
		{65BEEA84-9D4D-4D4D-9EFE-EFBFA1027623}.AppStore|ARM.Build.0 = Release|ARM
		{65BEEA84-9D4D-4D4D-9EFE-EFBFA1027623}.AppStore|ARM.Deploy.0 = Release|ARM
		{65BEEA84-9D4D-4D4D-9EFE-EFBFA1027623}.AppStore|iPhone.ActiveCfg = Release|x86
		{65BEEA84-9D4D-4D4D-9EFE-EFBFA1027623}.AppStore|iPhone.Build.0 = Release|x86
		{65BEEA84-9D4D-4D4D-9EFE-EFBFA1027623}.AppStore|iPhone.Deploy.0 = Release|x86
		{65BEEA84-9D4D-4D4D-9EFE-EFBFA1027623}.AppStore|iPhoneSimulator.ActiveCfg = Release|x86
		{65BEEA84-9D4D-4D4D-9EFE-EFBFA1027623}.AppStore|iPhoneSimulator.Build.0 = Release|x86
		{65BEEA84-9D4D-4D4D-9EFE-EFBFA1027623}.AppStore|iPhoneSimulator.Deploy.0 = Release|x86
		{65BEEA84-9D4D-4D4D-9EFE-EFBFA1027623}.AppStore|x64.ActiveCfg = Release|x64
		{65BEEA84-9D4D-4D4D-9EFE-EFBFA1027623}.AppStore|x64.Build.0 = Release|x64
		{65BEEA84-9D4D-4D4D-9EFE-EFBFA1027623}.AppStore|x64.Deploy.0 = Release|x64
		{65BEEA84-9D4D-4D4D-9EFE-EFBFA1027623}.AppStore|x86.ActiveCfg = Release|x86
		{65BEEA84-9D4D-4D4D-9EFE-EFBFA1027623}.AppStore|x86.Build.0 = Release|x86
		{65BEEA84-9D4D-4D4D-9EFE-EFBFA1027623}.AppStore|x86.Deploy.0 = Release|x86
		{65BEEA84-9D4D-4D4D-9EFE-EFBFA1027623}.Debug|Any CPU.ActiveCfg = Debug|x86
		{65BEEA84-9D4D-4D4D-9EFE-EFBFA1027623}.Debug|Any CPU.Build.0 = Debug|x86
		{65BEEA84-9D4D-4D4D-9EFE-EFBFA1027623}.Debug|Any CPU.Deploy.0 = Debug|x86
		{65BEEA84-9D4D-4D4D-9EFE-EFBFA1027623}.Debug|ARM.ActiveCfg = Debug|ARM
		{65BEEA84-9D4D-4D4D-9EFE-EFBFA1027623}.Debug|ARM.Build.0 = Debug|ARM
		{65BEEA84-9D4D-4D4D-9EFE-EFBFA1027623}.Debug|ARM.Deploy.0 = Debug|ARM
		{65BEEA84-9D4D-4D4D-9EFE-EFBFA1027623}.Debug|iPhone.ActiveCfg = Debug|x86
		{65BEEA84-9D4D-4D4D-9EFE-EFBFA1027623}.Debug|iPhoneSimulator.ActiveCfg = Debug|x86
		{65BEEA84-9D4D-4D4D-9EFE-EFBFA1027623}.Debug|x64.ActiveCfg = Debug|x64
		{65BEEA84-9D4D-4D4D-9EFE-EFBFA1027623}.Debug|x64.Build.0 = Debug|x64
		{65BEEA84-9D4D-4D4D-9EFE-EFBFA1027623}.Debug|x64.Deploy.0 = Debug|x64
		{65BEEA84-9D4D-4D4D-9EFE-EFBFA1027623}.Debug|x86.ActiveCfg = Debug|x86
		{65BEEA84-9D4D-4D4D-9EFE-EFBFA1027623}.Debug|x86.Build.0 = Debug|x86
		{65BEEA84-9D4D-4D4D-9EFE-EFBFA1027623}.Debug|x86.Deploy.0 = Debug|x86
		{65BEEA84-9D4D-4D4D-9EFE-EFBFA1027623}.Release|Any CPU.ActiveCfg = Release|x86
		{65BEEA84-9D4D-4D4D-9EFE-EFBFA1027623}.Release|ARM.ActiveCfg = Release|ARM
		{65BEEA84-9D4D-4D4D-9EFE-EFBFA1027623}.Release|ARM.Build.0 = Release|ARM
		{65BEEA84-9D4D-4D4D-9EFE-EFBFA1027623}.Release|ARM.Deploy.0 = Release|ARM
		{65BEEA84-9D4D-4D4D-9EFE-EFBFA1027623}.Release|iPhone.ActiveCfg = Release|x86
		{65BEEA84-9D4D-4D4D-9EFE-EFBFA1027623}.Release|iPhoneSimulator.ActiveCfg = Release|x86
		{65BEEA84-9D4D-4D4D-9EFE-EFBFA1027623}.Release|x64.ActiveCfg = Release|x64
		{65BEEA84-9D4D-4D4D-9EFE-EFBFA1027623}.Release|x64.Build.0 = Release|x64
		{65BEEA84-9D4D-4D4D-9EFE-EFBFA1027623}.Release|x64.Deploy.0 = Release|x64
		{65BEEA84-9D4D-4D4D-9EFE-EFBFA1027623}.Release|x86.ActiveCfg = Release|x86
		{65BEEA84-9D4D-4D4D-9EFE-EFBFA1027623}.Release|x86.Build.0 = Release|x86
		{65BEEA84-9D4D-4D4D-9EFE-EFBFA1027623}.Release|x86.Deploy.0 = Release|x86
	EndGlobalSection
	GlobalSection(SolutionProperties) = preSolution
		HideSolutionNode = FALSE
	EndGlobalSection
	GlobalSection(ExtensibilityGlobals) = postSolution
		SolutionGuid = {288431E0-86E2-492B-97E1-C46643B5A246}
	EndGlobalSection
EndGlobal
